
Microsoft Visual Studio Solution File, Format Version 12.00
# Visual Studio Version 17
VisualStudioVersion = 17.5.002.0
MinimumVisualStudioVersion = 10.0.40219.1
Project("{9A19103F-16F7-4668-BE54-9A1E7A4F7556}") = "AlertMessageApi", "AlertMessageApi.csproj", "{77828909-A5B6-498D-8EDB-856FF6F863BE}"
EndProject
Global
	GlobalSection(SolutionConfigurationPlatforms) = preSolution
		Debug|Any CPU = Debug|Any CPU
		Release|Any CPU = Release|Any CPU
	EndGlobalSection
	GlobalSection(ProjectConfigurationPlatforms) = postSolution
		{77828909-A5B6-498D-8EDB-856FF6F863BE}.Debug|Any CPU.ActiveCfg = Debug|Any CPU
		{77828909-A5B6-498D-8EDB-856FF6F863BE}.Debug|Any CPU.Build.0 = Debug|Any CPU
		{77828909-A5B6-498D-8EDB-856FF6F863BE}.Release|Any CPU.ActiveCfg = Release|Any CPU
		{77828909-A5B6-498D-8EDB-856FF6F863BE}.Release|Any CPU.Build.0 = Release|Any CPU
	EndGlobalSection
	GlobalSection(SolutionProperties) = preSolution
		HideSolutionNode = FALSE
	EndGlobalSection
	GlobalSection(ExtensibilityGlobals) = postSolution
		SolutionGuid = {CC8E6DEE-ED77-45F5-8AE8-E3F535001E99}
	EndGlobalSection
EndGlobal
